
Microsoft Visual Studio Solution File, Format Version 12.00
# Visual Studio Version 17
VisualStudioVersion = 17.0.32126.317
MinimumVisualStudioVersion = 10.0.40219.1
Project("{FAE04EC0-301F-11D3-BF4B-00C04F79EFBC}") = "WebApplication1", "WebApplication1\WebApplication1.csproj", "{1BB15AB7-4D91-4B3C-AC25-C9AE8AB29F49}"
EndProject
Global
	GlobalSection(SolutionConfigurationPlatforms) = preSolution
		Debug|Any CPU = Debug|Any CPU
		Release|Any CPU = Release|Any CPU
	EndGlobalSection
	GlobalSection(ProjectConfigurationPlatforms) = postSolution
		{1BB15AB7-4D91-4B3C-AC25-C9AE8AB29F49}.Debug|Any CPU.ActiveCfg = Debug|Any CPU
		{1BB15AB7-4D91-4B3C-AC25-C9AE8AB29F49}.Debug|Any CPU.Build.0 = Debug|Any CPU
		{1BB15AB7-4D91-4B3C-AC25-C9AE8AB29F49}.Release|Any CPU.ActiveCfg = Release|Any CPU
		{1BB15AB7-4D91-4B3C-AC25-C9AE8AB29F49}.Release|Any CPU.Build.0 = Release|Any CPU
	EndGlobalSection
	GlobalSection(SolutionProperties) = preSolution
		HideSolutionNode = FALSE
	EndGlobalSection
	GlobalSection(ExtensibilityGlobals) = postSolution
		SolutionGuid = {EE201F59-454C-47A4-88AB-17CA99B2F29D}
	EndGlobalSection
EndGlobal
