
Microsoft Visual Studio Solution File, Format Version 12.00
# Visual Studio Version 17
VisualStudioVersion = 17.0.32014.148
MinimumVisualStudioVersion = 10.0.40219.1
Project("{9A19103F-16F7-4668-BE54-9A1E7A4F7556}") = "SimpleCrm.Web", "SimpleCrm.Web\SimpleCrm.Web.csproj", "{83A5D953-DE40-4FC5-A51D-91421E82DD12}"
EndProject
Project("{9A19103F-16F7-4668-BE54-9A1E7A4F7556}") = "SimpleCrm", "SimpleCrm\SimpleCrm.csproj", "{124B1125-96AC-4661-9533-766C8F8D5593}"
EndProject
Project("{FAE04EC0-301F-11D3-BF4B-00C04F79EFBC}") = "SimpleCrm.SqlDbServices", "SimpleCrm.SqlDbServices\SimpleCrm.SqlDbServices.csproj", "{BD4DFBD5-BDBA-4376-8D80-2D8CDD52568F}"
EndProject
Global
	GlobalSection(SolutionConfigurationPlatforms) = preSolution
		Debug|Any CPU = Debug|Any CPU
		Release|Any CPU = Release|Any CPU
	EndGlobalSection
	GlobalSection(ProjectConfigurationPlatforms) = postSolution
		{83A5D953-DE40-4FC5-A51D-91421E82DD12}.Debug|Any CPU.ActiveCfg = Debug|Any CPU
		{83A5D953-DE40-4FC5-A51D-91421E82DD12}.Debug|Any CPU.Build.0 = Debug|Any CPU
		{83A5D953-DE40-4FC5-A51D-91421E82DD12}.Release|Any CPU.ActiveCfg = Release|Any CPU
		{83A5D953-DE40-4FC5-A51D-91421E82DD12}.Release|Any CPU.Build.0 = Release|Any CPU
		{124B1125-96AC-4661-9533-766C8F8D5593}.Debug|Any CPU.ActiveCfg = Debug|Any CPU
		{124B1125-96AC-4661-9533-766C8F8D5593}.Debug|Any CPU.Build.0 = Debug|Any CPU
		{124B1125-96AC-4661-9533-766C8F8D5593}.Release|Any CPU.ActiveCfg = Release|Any CPU
		{124B1125-96AC-4661-9533-766C8F8D5593}.Release|Any CPU.Build.0 = Release|Any CPU
		{BD4DFBD5-BDBA-4376-8D80-2D8CDD52568F}.Debug|Any CPU.ActiveCfg = Debug|Any CPU
		{BD4DFBD5-BDBA-4376-8D80-2D8CDD52568F}.Debug|Any CPU.Build.0 = Debug|Any CPU
		{BD4DFBD5-BDBA-4376-8D80-2D8CDD52568F}.Release|Any CPU.ActiveCfg = Release|Any CPU
		{BD4DFBD5-BDBA-4376-8D80-2D8CDD52568F}.Release|Any CPU.Build.0 = Release|Any CPU
	EndGlobalSection
	GlobalSection(SolutionProperties) = preSolution
		HideSolutionNode = FALSE
	EndGlobalSection
	GlobalSection(ExtensibilityGlobals) = postSolution
		SolutionGuid = {E8307E98-211B-48A1-AD45-F2FAF338A1F7}
	EndGlobalSection
EndGlobal
